
Microsoft Visual Studio Solution File, Format Version 12.00
# Visual Studio Version 17
VisualStudioVersion = 17.3.32804.467
MinimumVisualStudioVersion = 10.0.40219.1
Project("{FAE04EC0-301F-11D3-BF4B-00C04F79EFBC}") = "C_job_test_task", "C_job_test_task\C_job_test_task.csproj", "{3CA43166-CCE3-4AF9-879D-A48A9920D860}"
EndProject
Global
	GlobalSection(SolutionConfigurationPlatforms) = preSolution
		Debug|Any CPU = Debug|Any CPU
		Release|Any CPU = Release|Any CPU
	EndGlobalSection
	GlobalSection(ProjectConfigurationPlatforms) = postSolution
		{3CA43166-CCE3-4AF9-879D-A48A9920D860}.Debug|Any CPU.ActiveCfg = Debug|Any CPU
		{3CA43166-CCE3-4AF9-879D-A48A9920D860}.Debug|Any CPU.Build.0 = Debug|Any CPU
		{3CA43166-CCE3-4AF9-879D-A48A9920D860}.Release|Any CPU.ActiveCfg = Release|Any CPU
		{3CA43166-CCE3-4AF9-879D-A48A9920D860}.Release|Any CPU.Build.0 = Release|Any CPU
	EndGlobalSection
	GlobalSection(SolutionProperties) = preSolution
		HideSolutionNode = FALSE
	EndGlobalSection
	GlobalSection(ExtensibilityGlobals) = postSolution
		SolutionGuid = {49CD31D8-3D0E-4084-BB43-12A55DBB142D}
	EndGlobalSection
EndGlobal
